
Microsoft Visual Studio Solution File, Format Version 12.00
# Visual Studio Version 17
VisualStudioVersion = 17.4.33122.133
MinimumVisualStudioVersion = 10.0.40219.1
Project("{FAE04EC0-301F-11D3-BF4B-00C04F79EFBC}") = "RabbitMQ-Producer", "RabbitMQ-Producer\RabbitMQ-Producer.csproj", "{2A70F863-7D50-4C36-853F-C2CB4904704E}"
EndProject
Global
	GlobalSection(SolutionConfigurationPlatforms) = preSolution
		Debug|Any CPU = Debug|Any CPU
		Release|Any CPU = Release|Any CPU
	EndGlobalSection
	GlobalSection(ProjectConfigurationPlatforms) = postSolution
		{2A70F863-7D50-4C36-853F-C2CB4904704E}.Debug|Any CPU.ActiveCfg = Debug|Any CPU
		{2A70F863-7D50-4C36-853F-C2CB4904704E}.Debug|Any CPU.Build.0 = Debug|Any CPU
		{2A70F863-7D50-4C36-853F-C2CB4904704E}.Release|Any CPU.ActiveCfg = Release|Any CPU
		{2A70F863-7D50-4C36-853F-C2CB4904704E}.Release|Any CPU.Build.0 = Release|Any CPU
	EndGlobalSection
	GlobalSection(SolutionProperties) = preSolution
		HideSolutionNode = FALSE
	EndGlobalSection
	GlobalSection(ExtensibilityGlobals) = postSolution
		SolutionGuid = {748B0A43-0CA8-43D9-AEF9-DE7BA53C58CA}
	EndGlobalSection
EndGlobal
